
Microsoft Visual Studio Solution File, Format Version 12.00
# Visual Studio 2013
VisualStudioVersion = 12.0.21005.1
MinimumVisualStudioVersion = 10.0.40219.1
Project("{2150E333-8FDC-42A3-9474-1A3956D46DE8}") = "Backend", "Backend", "{3F071052-76AA-4460-9C88-16C0BA074E0D}"
EndProject
Project("{2150E333-8FDC-42A3-9474-1A3956D46DE8}") = "Common", "Common", "{844707D0-CE9D-4BEB-9E52-EA6272F7C11A}"
EndProject
Project("{2150E333-8FDC-42A3-9474-1A3956D46DE8}") = "Frontend", "Frontend", "{5DCEF8F2-C4C0-47C8-ABDF-7E682A2F0698}"
EndProject
Project("{2150E333-8FDC-42A3-9474-1A3956D46DE8}") = "Services", "Services", "{BFA7B621-B2E7-4822-8F56-2D724F3F27E1}"
EndProject
Project("{2150E333-8FDC-42A3-9474-1A3956D46DE8}") = "Tests", "Tests", "{FF58571B-288E-4265-B8BA-46CBA4F393E0}"
EndProject
Project("{2150E333-8FDC-42A3-9474-1A3956D46DE8}") = "Business", "Business", "{27C26A4F-4B95-456E-B550-1A020EAB5312}"
EndProject
Project("{2150E333-8FDC-42A3-9474-1A3956D46DE8}") = "Contracts", "Contracts", "{9B010593-FC48-4D42-B6FC-07D6676F42C5}"
EndProject
Project("{2150E333-8FDC-42A3-9474-1A3956D46DE8}") = "DataAccess", "DataAccess", "{14973323-D94E-4545-B726-7E655897BC8B}"
EndProject
Project("{FAE04EC0-301F-11D3-BF4B-00C04F79EFBC}") = "Zensar.Core.DAL.Interfaces", "Zensar.Core.DAL.Interfaces\Zensar.Core.DAL.Interfaces.csproj", "{8EE38023-2948-4230-83BC-A5264E47B7FD}"
EndProject
Project("{FAE04EC0-301F-11D3-BF4B-00C04F79EFBC}") = "Zensar.Core.DAL.Implementation", "Zensar.Core.DAL.Implementation\Zensar.Core.DAL.Implementation.csproj", "{5CCDD1A5-312C-4607-B8ED-36E1F6980E2E}"
EndProject
Project("{FAE04EC0-301F-11D3-BF4B-00C04F79EFBC}") = "Zensar.Core.DBEntities", "Zensar.Core.DBEntities\Zensar.Core.DBEntities.csproj", "{E5154CE0-7D35-4013-B4D5-383FB426BD73}"
EndProject
Project("{FAE04EC0-301F-11D3-BF4B-00C04F79EFBC}") = "Zensar.Core.Business", "Zensar.Core.Business\Zensar.Core.Business.csproj", "{52275530-FBAF-4C89-98E4-C41CCE5160AC}"
EndProject
Project("{FAE04EC0-301F-11D3-BF4B-00C04F79EFBC}") = "Zensar.Core.Business.Interface", "Zensar.Core.Business.Interface\Zensar.Core.Business.Interface.csproj", "{E99F00DC-DD5D-476D-AABE-F8FC785BA645}"
EndProject
Project("{FAE04EC0-301F-11D3-BF4B-00C04F79EFBC}") = "Zensar.DataServices", "Zensar.DataServices\Zensar.DataServices.csproj", "{40343030-A247-4252-9AF1-7A071B792F5D}"
EndProject
Project("{FAE04EC0-301F-11D3-BF4B-00C04F79EFBC}") = "Host", "Host\Host.csproj", "{C9FCE545-B1B0-480F-B710-E0665E5AC3D7}"
EndProject
Project("{FAE04EC0-301F-11D3-BF4B-00C04F79EFBC}") = "ServiceTest", "ServiceTest\ServiceTest.csproj", "{A2933CE1-C2BC-4459-A6A7-182176D5FFFB}"
EndProject
Project("{FAE04EC0-301F-11D3-BF4B-00C04F79EFBC}") = "Zensar.Common", "Zensar.Common\Zensar.Common.csproj", "{DDF04B4C-12BC-433B-AF55-B2789DA7167D}"
EndProject
Project("{2150E333-8FDC-42A3-9474-1A3956D46DE8}") = "ServiceAgents", "ServiceAgents", "{BC778F58-0DC4-45FB-8474-80468E31293A}"
EndProject
Project("{FAE04EC0-301F-11D3-BF4B-00C04F79EFBC}") = "Zensar.ServiceAgents", "Zensar.ServiceAgents\Zensar.ServiceAgents.csproj", "{9FADB018-62D8-418D-A218-58FD927E6123}"
EndProject
Project("{FAE04EC0-301F-11D3-BF4B-00C04F79EFBC}") = "Zensar.DataContracts", "Zensar.DataContracts\Zensar.DataContracts.csproj", "{D8842A49-75B0-4FA8-BFCA-1E686C65D10B}"
EndProject
Global
	GlobalSection(SolutionConfigurationPlatforms) = preSolution
		Debug|Any CPU = Debug|Any CPU
		Release|Any CPU = Release|Any CPU
	EndGlobalSection
	GlobalSection(ProjectConfigurationPlatforms) = postSolution
		{8EE38023-2948-4230-83BC-A5264E47B7FD}.Debug|Any CPU.ActiveCfg = Debug|Any CPU
		{8EE38023-2948-4230-83BC-A5264E47B7FD}.Debug|Any CPU.Build.0 = Debug|Any CPU
		{8EE38023-2948-4230-83BC-A5264E47B7FD}.Release|Any CPU.ActiveCfg = Release|Any CPU
		{8EE38023-2948-4230-83BC-A5264E47B7FD}.Release|Any CPU.Build.0 = Release|Any CPU
		{5CCDD1A5-312C-4607-B8ED-36E1F6980E2E}.Debug|Any CPU.ActiveCfg = Debug|Any CPU
		{5CCDD1A5-312C-4607-B8ED-36E1F6980E2E}.Debug|Any CPU.Build.0 = Debug|Any CPU
		{5CCDD1A5-312C-4607-B8ED-36E1F6980E2E}.Release|Any CPU.ActiveCfg = Release|Any CPU
		{5CCDD1A5-312C-4607-B8ED-36E1F6980E2E}.Release|Any CPU.Build.0 = Release|Any CPU
		{E5154CE0-7D35-4013-B4D5-383FB426BD73}.Debug|Any CPU.ActiveCfg = Debug|Any CPU
		{E5154CE0-7D35-4013-B4D5-383FB426BD73}.Debug|Any CPU.Build.0 = Debug|Any CPU
		{E5154CE0-7D35-4013-B4D5-383FB426BD73}.Release|Any CPU.ActiveCfg = Release|Any CPU
		{E5154CE0-7D35-4013-B4D5-383FB426BD73}.Release|Any CPU.Build.0 = Release|Any CPU
		{52275530-FBAF-4C89-98E4-C41CCE5160AC}.Debug|Any CPU.ActiveCfg = Debug|Any CPU
		{52275530-FBAF-4C89-98E4-C41CCE5160AC}.Debug|Any CPU.Build.0 = Debug|Any CPU
		{52275530-FBAF-4C89-98E4-C41CCE5160AC}.Release|Any CPU.ActiveCfg = Release|Any CPU
		{52275530-FBAF-4C89-98E4-C41CCE5160AC}.Release|Any CPU.Build.0 = Release|Any CPU
		{E99F00DC-DD5D-476D-AABE-F8FC785BA645}.Debug|Any CPU.ActiveCfg = Debug|Any CPU
		{E99F00DC-DD5D-476D-AABE-F8FC785BA645}.Debug|Any CPU.Build.0 = Debug|Any CPU
		{E99F00DC-DD5D-476D-AABE-F8FC785BA645}.Release|Any CPU.ActiveCfg = Release|Any CPU
		{E99F00DC-DD5D-476D-AABE-F8FC785BA645}.Release|Any CPU.Build.0 = Release|Any CPU
		{40343030-A247-4252-9AF1-7A071B792F5D}.Debug|Any CPU.ActiveCfg = Debug|Any CPU
		{40343030-A247-4252-9AF1-7A071B792F5D}.Debug|Any CPU.Build.0 = Debug|Any CPU
		{40343030-A247-4252-9AF1-7A071B792F5D}.Release|Any CPU.ActiveCfg = Release|Any CPU
		{40343030-A247-4252-9AF1-7A071B792F5D}.Release|Any CPU.Build.0 = Release|Any CPU
		{C9FCE545-B1B0-480F-B710-E0665E5AC3D7}.Debug|Any CPU.ActiveCfg = Debug|Any CPU
		{C9FCE545-B1B0-480F-B710-E0665E5AC3D7}.Debug|Any CPU.Build.0 = Debug|Any CPU
		{C9FCE545-B1B0-480F-B710-E0665E5AC3D7}.Release|Any CPU.ActiveCfg = Release|Any CPU
		{C9FCE545-B1B0-480F-B710-E0665E5AC3D7}.Release|Any CPU.Build.0 = Release|Any CPU
		{A2933CE1-C2BC-4459-A6A7-182176D5FFFB}.Debug|Any CPU.ActiveCfg = Debug|Any CPU
		{A2933CE1-C2BC-4459-A6A7-182176D5FFFB}.Debug|Any CPU.Build.0 = Debug|Any CPU
		{A2933CE1-C2BC-4459-A6A7-182176D5FFFB}.Release|Any CPU.ActiveCfg = Release|Any CPU
		{A2933CE1-C2BC-4459-A6A7-182176D5FFFB}.Release|Any CPU.Build.0 = Release|Any CPU
		{DDF04B4C-12BC-433B-AF55-B2789DA7167D}.Debug|Any CPU.ActiveCfg = Debug|Any CPU
		{DDF04B4C-12BC-433B-AF55-B2789DA7167D}.Debug|Any CPU.Build.0 = Debug|Any CPU
		{DDF04B4C-12BC-433B-AF55-B2789DA7167D}.Release|Any CPU.ActiveCfg = Release|Any CPU
		{DDF04B4C-12BC-433B-AF55-B2789DA7167D}.Release|Any CPU.Build.0 = Release|Any CPU
		{9FADB018-62D8-418D-A218-58FD927E6123}.Debug|Any CPU.ActiveCfg = Debug|Any CPU
		{9FADB018-62D8-418D-A218-58FD927E6123}.Debug|Any CPU.Build.0 = Debug|Any CPU
		{9FADB018-62D8-418D-A218-58FD927E6123}.Release|Any CPU.ActiveCfg = Release|Any CPU
		{9FADB018-62D8-418D-A218-58FD927E6123}.Release|Any CPU.Build.0 = Release|Any CPU
		{D8842A49-75B0-4FA8-BFCA-1E686C65D10B}.Debug|Any CPU.ActiveCfg = Debug|Any CPU
		{D8842A49-75B0-4FA8-BFCA-1E686C65D10B}.Debug|Any CPU.Build.0 = Debug|Any CPU
		{D8842A49-75B0-4FA8-BFCA-1E686C65D10B}.Release|Any CPU.ActiveCfg = Release|Any CPU
		{D8842A49-75B0-4FA8-BFCA-1E686C65D10B}.Release|Any CPU.Build.0 = Release|Any CPU
	EndGlobalSection
	GlobalSection(SolutionProperties) = preSolution
		HideSolutionNode = FALSE
	EndGlobalSection
	GlobalSection(NestedProjects) = preSolution
		{27C26A4F-4B95-456E-B550-1A020EAB5312} = {3F071052-76AA-4460-9C88-16C0BA074E0D}
		{9B010593-FC48-4D42-B6FC-07D6676F42C5} = {3F071052-76AA-4460-9C88-16C0BA074E0D}
		{14973323-D94E-4545-B726-7E655897BC8B} = {3F071052-76AA-4460-9C88-16C0BA074E0D}
		{DDF04B4C-12BC-433B-AF55-B2789DA7167D} = {844707D0-CE9D-4BEB-9E52-EA6272F7C11A}
		{BC778F58-0DC4-45FB-8474-80468E31293A} = {844707D0-CE9D-4BEB-9E52-EA6272F7C11A}
		{40343030-A247-4252-9AF1-7A071B792F5D} = {BFA7B621-B2E7-4822-8F56-2D724F3F27E1}
		{C9FCE545-B1B0-480F-B710-E0665E5AC3D7} = {BFA7B621-B2E7-4822-8F56-2D724F3F27E1}
		{A2933CE1-C2BC-4459-A6A7-182176D5FFFB} = {FF58571B-288E-4265-B8BA-46CBA4F393E0}
		{52275530-FBAF-4C89-98E4-C41CCE5160AC} = {27C26A4F-4B95-456E-B550-1A020EAB5312}
		{E99F00DC-DD5D-476D-AABE-F8FC785BA645} = {27C26A4F-4B95-456E-B550-1A020EAB5312}
		{E5154CE0-7D35-4013-B4D5-383FB426BD73} = {9B010593-FC48-4D42-B6FC-07D6676F42C5}
		{D8842A49-75B0-4FA8-BFCA-1E686C65D10B} = {9B010593-FC48-4D42-B6FC-07D6676F42C5}
		{8EE38023-2948-4230-83BC-A5264E47B7FD} = {14973323-D94E-4545-B726-7E655897BC8B}
		{5CCDD1A5-312C-4607-B8ED-36E1F6980E2E} = {14973323-D94E-4545-B726-7E655897BC8B}
		{9FADB018-62D8-418D-A218-58FD927E6123} = {BC778F58-0DC4-45FB-8474-80468E31293A}
	EndGlobalSection
	GlobalSection(ExtensibilityGlobals) = postSolution
		EnterpriseLibraryConfigurationToolBinariesPathV6 = packages\EnterpriseLibrary.Common.6.0.1304.0\lib\NET45;packages\EnterpriseLibrary.Logging.6.0.1304.0\lib\NET45
	EndGlobalSection
EndGlobal
